
Microsoft Visual Studio Solution File, Format Version 12.00
# Visual Studio Version 16
VisualStudioVersion = 16.0.30503.244
MinimumVisualStudioVersion = 10.0.40219.1
Project("{FAE04EC0-301F-11D3-BF4B-00C04F79EFBC}") = "PersonalProject", "PersonalProject\PersonalProject.csproj", "{4266B78A-7955-403C-81F4-7F768FB45D9D}"
EndProject
Global
	GlobalSection(SolutionConfigurationPlatforms) = preSolution
		Debug|Any CPU = Debug|Any CPU
		Release|Any CPU = Release|Any CPU
	EndGlobalSection
	GlobalSection(ProjectConfigurationPlatforms) = postSolution
		{4266B78A-7955-403C-81F4-7F768FB45D9D}.Debug|Any CPU.ActiveCfg = Debug|Any CPU
		{4266B78A-7955-403C-81F4-7F768FB45D9D}.Debug|Any CPU.Build.0 = Debug|Any CPU
		{4266B78A-7955-403C-81F4-7F768FB45D9D}.Release|Any CPU.ActiveCfg = Release|Any CPU
		{4266B78A-7955-403C-81F4-7F768FB45D9D}.Release|Any CPU.Build.0 = Release|Any CPU
	EndGlobalSection
	GlobalSection(SolutionProperties) = preSolution
		HideSolutionNode = FALSE
	EndGlobalSection
	GlobalSection(ExtensibilityGlobals) = postSolution
		SolutionGuid = {B001E6C8-929E-427C-A0E7-D42C02540470}
	EndGlobalSection
EndGlobal
